
Microsoft Visual Studio Solution File, Format Version 12.00
# Visual Studio Version 16
VisualStudioVersion = 16.0.33328.57
MinimumVisualStudioVersion = 10.0.40219.1
Project("{FAE04EC0-301F-11D3-BF4B-00C04F79EFBC}") = "dotnetbasics", "dotnetbasics\dotnetbasics.csproj", "{67B2957E-D910-4521-A936-887BE0DBB37D}"
EndProject
Global
	GlobalSection(SolutionConfigurationPlatforms) = preSolution
		Debug|Any CPU = Debug|Any CPU
		Release|Any CPU = Release|Any CPU
	EndGlobalSection
	GlobalSection(ProjectConfigurationPlatforms) = postSolution
		{67B2957E-D910-4521-A936-887BE0DBB37D}.Debug|Any CPU.ActiveCfg = Debug|Any CPU
		{67B2957E-D910-4521-A936-887BE0DBB37D}.Debug|Any CPU.Build.0 = Debug|Any CPU
		{67B2957E-D910-4521-A936-887BE0DBB37D}.Release|Any CPU.ActiveCfg = Release|Any CPU
		{67B2957E-D910-4521-A936-887BE0DBB37D}.Release|Any CPU.Build.0 = Release|Any CPU
	EndGlobalSection
	GlobalSection(SolutionProperties) = preSolution
		HideSolutionNode = FALSE
	EndGlobalSection
	GlobalSection(ExtensibilityGlobals) = postSolution
		SolutionGuid = {E6BEFA6C-9309-4784-904F-017900B26DE4}
	EndGlobalSection
EndGlobal
