
Microsoft Visual Studio Solution File, Format Version 12.00
# Visual Studio Version 16
VisualStudioVersion = 16.0.33328.57
MinimumVisualStudioVersion = 10.0.40219.1
Project("{FAE04EC0-301F-11D3-BF4B-00C04F79EFBC}") = "webapitest", "webapitest\webapitest.csproj", "{AA73C120-93C3-4448-A1AF-B6F50EE81A25}"
EndProject
Global
	GlobalSection(SolutionConfigurationPlatforms) = preSolution
		Debug|Any CPU = Debug|Any CPU
		Release|Any CPU = Release|Any CPU
	EndGlobalSection
	GlobalSection(ProjectConfigurationPlatforms) = postSolution
		{AA73C120-93C3-4448-A1AF-B6F50EE81A25}.Debug|Any CPU.ActiveCfg = Debug|Any CPU
		{AA73C120-93C3-4448-A1AF-B6F50EE81A25}.Debug|Any CPU.Build.0 = Debug|Any CPU
		{AA73C120-93C3-4448-A1AF-B6F50EE81A25}.Release|Any CPU.ActiveCfg = Release|Any CPU
		{AA73C120-93C3-4448-A1AF-B6F50EE81A25}.Release|Any CPU.Build.0 = Release|Any CPU
	EndGlobalSection
	GlobalSection(SolutionProperties) = preSolution
		HideSolutionNode = FALSE
	EndGlobalSection
	GlobalSection(ExtensibilityGlobals) = postSolution
		SolutionGuid = {8462F665-559E-4915-B8AC-97576147A498}
	EndGlobalSection
EndGlobal
