
Microsoft Visual Studio Solution File, Format Version 12.00
# Visual Studio Version 16
VisualStudioVersion = 16.0.33214.272
MinimumVisualStudioVersion = 10.0.40219.1
Project("{FAE04EC0-301F-11D3-BF4B-00C04F79EFBC}") = "ConsoleAppBasics", "ConsoleAppBasics\ConsoleAppBasics.csproj", "{5E0FB716-C7D5-4118-8233-5CD6FBC65F12}"
EndProject
Global
	GlobalSection(SolutionConfigurationPlatforms) = preSolution
		Debug|Any CPU = Debug|Any CPU
		Release|Any CPU = Release|Any CPU
	EndGlobalSection
	GlobalSection(ProjectConfigurationPlatforms) = postSolution
		{5E0FB716-C7D5-4118-8233-5CD6FBC65F12}.Debug|Any CPU.ActiveCfg = Debug|Any CPU
		{5E0FB716-C7D5-4118-8233-5CD6FBC65F12}.Debug|Any CPU.Build.0 = Debug|Any CPU
		{5E0FB716-C7D5-4118-8233-5CD6FBC65F12}.Release|Any CPU.ActiveCfg = Release|Any CPU
		{5E0FB716-C7D5-4118-8233-5CD6FBC65F12}.Release|Any CPU.Build.0 = Release|Any CPU
	EndGlobalSection
	GlobalSection(SolutionProperties) = preSolution
		HideSolutionNode = FALSE
	EndGlobalSection
	GlobalSection(ExtensibilityGlobals) = postSolution
		SolutionGuid = {14CD3EF9-7F84-458C-8195-E3E69864EE8E}
	EndGlobalSection
EndGlobal
