
Microsoft Visual Studio Solution File, Format Version 12.00
# Visual Studio Version 16
VisualStudioVersion = 16.0.33328.57
MinimumVisualStudioVersion = 10.0.40219.1
Project("{9A19103F-16F7-4668-BE54-9A1E7A4F7556}") = "dotnetmvcbasics", "dotnetmvcbasics\dotnetmvcbasics.csproj", "{EB6308B7-EB87-4097-A394-6D72774AEAC0}"
EndProject
Project("{FAE04EC0-301F-11D3-BF4B-00C04F79EFBC}") = "Linqconsoleapp", "Linqconsoleapp\Linqconsoleapp.csproj", "{A76631C8-22C6-4CA2-AB5C-0783A741CADB}"
EndProject
Global
	GlobalSection(SolutionConfigurationPlatforms) = preSolution
		Debug|Any CPU = Debug|Any CPU
		Release|Any CPU = Release|Any CPU
	EndGlobalSection
	GlobalSection(ProjectConfigurationPlatforms) = postSolution
		{EB6308B7-EB87-4097-A394-6D72774AEAC0}.Debug|Any CPU.ActiveCfg = Debug|Any CPU
		{EB6308B7-EB87-4097-A394-6D72774AEAC0}.Debug|Any CPU.Build.0 = Debug|Any CPU
		{EB6308B7-EB87-4097-A394-6D72774AEAC0}.Release|Any CPU.ActiveCfg = Release|Any CPU
		{EB6308B7-EB87-4097-A394-6D72774AEAC0}.Release|Any CPU.Build.0 = Release|Any CPU
		{A76631C8-22C6-4CA2-AB5C-0783A741CADB}.Debug|Any CPU.ActiveCfg = Debug|Any CPU
		{A76631C8-22C6-4CA2-AB5C-0783A741CADB}.Debug|Any CPU.Build.0 = Debug|Any CPU
		{A76631C8-22C6-4CA2-AB5C-0783A741CADB}.Release|Any CPU.ActiveCfg = Release|Any CPU
		{A76631C8-22C6-4CA2-AB5C-0783A741CADB}.Release|Any CPU.Build.0 = Release|Any CPU
	EndGlobalSection
	GlobalSection(SolutionProperties) = preSolution
		HideSolutionNode = FALSE
	EndGlobalSection
	GlobalSection(ExtensibilityGlobals) = postSolution
		SolutionGuid = {943EF3E9-9D01-49D0-B87B-5C633802373B}
	EndGlobalSection
EndGlobal
